
Microsoft Visual Studio Solution File, Format Version 12.00
# Visual Studio Version 16
VisualStudioVersion = 16.0.28721.148
MinimumVisualStudioVersion = 10.0.40219.1
Project("{8BC9CEB8-8B4A-11D0-8D11-00A0C91BC942}") = "libz-static", "libz-static\libz-static.vcxproj", "{B56D17BC-072B-42F3-844A-870A07AFBAAA}"
EndProject
Project("{8BC9CEB8-8B4A-11D0-8D11-00A0C91BC942}") = "libz", "libz\libz.vcxproj", "{0AC35E47-8DE5-45EA-BEF7-E2A1ACC23E14}"
EndProject
Project("{2150E333-8FDC-42A3-9474-1A3956D46DE8}") = "tests", "tests", "{EFB7B69F-138E-4693-BF55-536167DE2996}"
EndProject
Project("{8BC9CEB8-8B4A-11D0-8D11-00A0C91BC942}") = "example", "tests\example\example.vcxproj", "{55223C10-64B9-4DF0-8D84-1C8798B3EE33}"
	ProjectSection(ProjectDependencies) = postProject
		{0AC35E47-8DE5-45EA-BEF7-E2A1ACC23E14} = {0AC35E47-8DE5-45EA-BEF7-E2A1ACC23E14}
	EndProjectSection
EndProject
Project("{8BC9CEB8-8B4A-11D0-8D11-00A0C91BC942}") = "minigzip", "tests\minigzip\minigzip.vcxproj", "{60BED284-BD43-485A-983F-7D8DEDF02F8A}"
	ProjectSection(ProjectDependencies) = postProject
		{0AC35E47-8DE5-45EA-BEF7-E2A1ACC23E14} = {0AC35E47-8DE5-45EA-BEF7-E2A1ACC23E14}
	EndProjectSection
EndProject
Project("{8BC9CEB8-8B4A-11D0-8D11-00A0C91BC942}") = "example-static", "tests\example-static\example-static.vcxproj", "{2315FF5A-E089-45A9-8065-08CB1B6F58AC}"
	ProjectSection(ProjectDependencies) = postProject
		{B56D17BC-072B-42F3-844A-870A07AFBAAA} = {B56D17BC-072B-42F3-844A-870A07AFBAAA}
	EndProjectSection
EndProject
Project("{8BC9CEB8-8B4A-11D0-8D11-00A0C91BC942}") = "infcover-static", "tests\infcover-static\infcover-static.vcxproj", "{A9F41C47-5C45-4A93-B9C7-D71E316B60A3}"
	ProjectSection(ProjectDependencies) = postProject
		{B56D17BC-072B-42F3-844A-870A07AFBAAA} = {B56D17BC-072B-42F3-844A-870A07AFBAAA}
	EndProjectSection
EndProject
Project("{8BC9CEB8-8B4A-11D0-8D11-00A0C91BC942}") = "minigzip-static", "tests\minigzip-static\minigzip-static.vcxproj", "{9F490009-802C-4BB7-8D49-674E36E0558F}"
	ProjectSection(ProjectDependencies) = postProject
		{B56D17BC-072B-42F3-844A-870A07AFBAAA} = {B56D17BC-072B-42F3-844A-870A07AFBAAA}
	EndProjectSection
EndProject
Global
	GlobalSection(SolutionConfigurationPlatforms) = preSolution
		Debug|ARM = Debug|ARM
		Release|ARM = Release|ARM
	EndGlobalSection
	GlobalSection(ProjectConfigurationPlatforms) = postSolution
		{B56D17BC-072B-42F3-844A-870A07AFBAAA}.Debug|ARM.ActiveCfg = Debug|ARM
		{B56D17BC-072B-42F3-844A-870A07AFBAAA}.Debug|ARM.Build.0 = Debug|ARM
		{B56D17BC-072B-42F3-844A-870A07AFBAAA}.Release|ARM.ActiveCfg = Release|ARM
		{B56D17BC-072B-42F3-844A-870A07AFBAAA}.Release|ARM.Build.0 = Release|ARM
		{0AC35E47-8DE5-45EA-BEF7-E2A1ACC23E14}.Debug|ARM.ActiveCfg = Debug|ARM
		{0AC35E47-8DE5-45EA-BEF7-E2A1ACC23E14}.Debug|ARM.Build.0 = Debug|ARM
		{0AC35E47-8DE5-45EA-BEF7-E2A1ACC23E14}.Release|ARM.ActiveCfg = Release|ARM
		{0AC35E47-8DE5-45EA-BEF7-E2A1ACC23E14}.Release|ARM.Build.0 = Release|ARM
		{55223C10-64B9-4DF0-8D84-1C8798B3EE33}.Debug|ARM.ActiveCfg = Debug|ARM
		{55223C10-64B9-4DF0-8D84-1C8798B3EE33}.Debug|ARM.Build.0 = Debug|ARM
		{55223C10-64B9-4DF0-8D84-1C8798B3EE33}.Release|ARM.ActiveCfg = Release|ARM
		{55223C10-64B9-4DF0-8D84-1C8798B3EE33}.Release|ARM.Build.0 = Release|ARM
		{60BED284-BD43-485A-983F-7D8DEDF02F8A}.Debug|ARM.ActiveCfg = Debug|ARM
		{60BED284-BD43-485A-983F-7D8DEDF02F8A}.Debug|ARM.Build.0 = Debug|ARM
		{60BED284-BD43-485A-983F-7D8DEDF02F8A}.Release|ARM.ActiveCfg = Release|ARM
		{60BED284-BD43-485A-983F-7D8DEDF02F8A}.Release|ARM.Build.0 = Release|ARM
		{2315FF5A-E089-45A9-8065-08CB1B6F58AC}.Debug|ARM.ActiveCfg = Debug|ARM
		{2315FF5A-E089-45A9-8065-08CB1B6F58AC}.Debug|ARM.Build.0 = Debug|ARM
		{2315FF5A-E089-45A9-8065-08CB1B6F58AC}.Release|ARM.ActiveCfg = Release|ARM
		{2315FF5A-E089-45A9-8065-08CB1B6F58AC}.Release|ARM.Build.0 = Release|ARM
		{A9F41C47-5C45-4A93-B9C7-D71E316B60A3}.Debug|ARM.ActiveCfg = Debug|ARM
		{A9F41C47-5C45-4A93-B9C7-D71E316B60A3}.Debug|ARM.Build.0 = Debug|ARM
		{A9F41C47-5C45-4A93-B9C7-D71E316B60A3}.Release|ARM.ActiveCfg = Release|ARM
		{A9F41C47-5C45-4A93-B9C7-D71E316B60A3}.Release|ARM.Build.0 = Release|ARM
		{9F490009-802C-4BB7-8D49-674E36E0558F}.Debug|ARM.ActiveCfg = Debug|ARM
		{9F490009-802C-4BB7-8D49-674E36E0558F}.Debug|ARM.Build.0 = Debug|ARM
		{9F490009-802C-4BB7-8D49-674E36E0558F}.Release|ARM.ActiveCfg = Release|ARM
		{9F490009-802C-4BB7-8D49-674E36E0558F}.Release|ARM.Build.0 = Release|ARM
	EndGlobalSection
	GlobalSection(SolutionProperties) = preSolution
		HideSolutionNode = FALSE
	EndGlobalSection
	GlobalSection(NestedProjects) = preSolution
		{55223C10-64B9-4DF0-8D84-1C8798B3EE33} = {EFB7B69F-138E-4693-BF55-536167DE2996}
		{60BED284-BD43-485A-983F-7D8DEDF02F8A} = {EFB7B69F-138E-4693-BF55-536167DE2996}
		{2315FF5A-E089-45A9-8065-08CB1B6F58AC} = {EFB7B69F-138E-4693-BF55-536167DE2996}
		{A9F41C47-5C45-4A93-B9C7-D71E316B60A3} = {EFB7B69F-138E-4693-BF55-536167DE2996}
		{9F490009-802C-4BB7-8D49-674E36E0558F} = {EFB7B69F-138E-4693-BF55-536167DE2996}
	EndGlobalSection
	GlobalSection(ExtensibilityGlobals) = postSolution
		SolutionGuid = {7B22A952-E90D-435D-8580-37D8AD119187}
	EndGlobalSection
EndGlobal
